
Microsoft Visual Studio Solution File, Format Version 12.00
# Visual Studio 15
VisualStudioVersion = 15.0.26124.0
MinimumVisualStudioVersion = 15.0.26124.0
Project("{FAE04EC0-301F-11D3-BF4B-00C04F79EFBC}") = "Crpc", "Crpc\Crpc.csproj", "{DCC2840E-AFA6-474D-B1A4-A63E9EF97BB3}"
EndProject
Project("{FAE04EC0-301F-11D3-BF4B-00C04F79EFBC}") = "Crpc.Test", "Crpc.Test\Crpc.Test.csproj", "{88646B3F-C0B8-4506-B170-A28B4C44E012}"
EndProject
Global
	GlobalSection(SolutionConfigurationPlatforms) = preSolution
		Debug|Any CPU = Debug|Any CPU
		Debug|x64 = Debug|x64
		Debug|x86 = Debug|x86
		Release|Any CPU = Release|Any CPU
		Release|x64 = Release|x64
		Release|x86 = Release|x86
	EndGlobalSection
	GlobalSection(SolutionProperties) = preSolution
		HideSolutionNode = FALSE
	EndGlobalSection
	GlobalSection(ProjectConfigurationPlatforms) = postSolution
		{DCC2840E-AFA6-474D-B1A4-A63E9EF97BB3}.Debug|Any CPU.ActiveCfg = Debug|Any CPU
		{DCC2840E-AFA6-474D-B1A4-A63E9EF97BB3}.Debug|Any CPU.Build.0 = Debug|Any CPU
		{DCC2840E-AFA6-474D-B1A4-A63E9EF97BB3}.Debug|x64.ActiveCfg = Debug|Any CPU
		{DCC2840E-AFA6-474D-B1A4-A63E9EF97BB3}.Debug|x64.Build.0 = Debug|Any CPU
		{DCC2840E-AFA6-474D-B1A4-A63E9EF97BB3}.Debug|x86.ActiveCfg = Debug|Any CPU
		{DCC2840E-AFA6-474D-B1A4-A63E9EF97BB3}.Debug|x86.Build.0 = Debug|Any CPU
		{DCC2840E-AFA6-474D-B1A4-A63E9EF97BB3}.Release|Any CPU.ActiveCfg = Release|Any CPU
		{DCC2840E-AFA6-474D-B1A4-A63E9EF97BB3}.Release|Any CPU.Build.0 = Release|Any CPU
		{DCC2840E-AFA6-474D-B1A4-A63E9EF97BB3}.Release|x64.ActiveCfg = Release|Any CPU
		{DCC2840E-AFA6-474D-B1A4-A63E9EF97BB3}.Release|x64.Build.0 = Release|Any CPU
		{DCC2840E-AFA6-474D-B1A4-A63E9EF97BB3}.Release|x86.ActiveCfg = Release|Any CPU
		{DCC2840E-AFA6-474D-B1A4-A63E9EF97BB3}.Release|x86.Build.0 = Release|Any CPU
		{88646B3F-C0B8-4506-B170-A28B4C44E012}.Debug|Any CPU.ActiveCfg = Debug|Any CPU
		{88646B3F-C0B8-4506-B170-A28B4C44E012}.Debug|Any CPU.Build.0 = Debug|Any CPU
		{88646B3F-C0B8-4506-B170-A28B4C44E012}.Debug|x64.ActiveCfg = Debug|Any CPU
		{88646B3F-C0B8-4506-B170-A28B4C44E012}.Debug|x64.Build.0 = Debug|Any CPU
		{88646B3F-C0B8-4506-B170-A28B4C44E012}.Debug|x86.ActiveCfg = Debug|Any CPU
		{88646B3F-C0B8-4506-B170-A28B4C44E012}.Debug|x86.Build.0 = Debug|Any CPU
		{88646B3F-C0B8-4506-B170-A28B4C44E012}.Release|Any CPU.ActiveCfg = Release|Any CPU
		{88646B3F-C0B8-4506-B170-A28B4C44E012}.Release|Any CPU.Build.0 = Release|Any CPU
		{88646B3F-C0B8-4506-B170-A28B4C44E012}.Release|x64.ActiveCfg = Release|Any CPU
		{88646B3F-C0B8-4506-B170-A28B4C44E012}.Release|x64.Build.0 = Release|Any CPU
		{88646B3F-C0B8-4506-B170-A28B4C44E012}.Release|x86.ActiveCfg = Release|Any CPU
		{88646B3F-C0B8-4506-B170-A28B4C44E012}.Release|x86.Build.0 = Release|Any CPU
	EndGlobalSection
EndGlobal
